
Microsoft Visual Studio Solution File, Format Version 12.00
# Visual Studio Version 16
VisualStudioVersion = 16.0.28803.156
MinimumVisualStudioVersion = 10.0.40219.1
Project("{FAE04EC0-301F-11D3-BF4B-00C04F79EFBC}") = "iJedha.Automation.EAP.UI", "UI\iJedha.Automation.EAP.UI.csproj", "{F75EF288-A460-4E5A-B38B-068741C101C2}"
	ProjectSection(ProjectDependencies) = postProject
		{B15DF013-EC95-49FD-818B-EFE2A844383F} = {B15DF013-EC95-49FD-818B-EFE2A844383F}
		{981C5EA6-B42F-42F4-9B17-08F882C83436} = {981C5EA6-B42F-42F4-9B17-08F882C83436}
		{DDC30CB0-6211-41E8-8049-2B1EC7F50995} = {DDC30CB0-6211-41E8-8049-2B1EC7F50995}
		{B2B25BB4-DBE9-419C-B7EF-989099814D62} = {B2B25BB4-DBE9-419C-B7EF-989099814D62}
		{167A00CD-DD94-434C-85E2-CD96E9428415} = {167A00CD-DD94-434C-85E2-CD96E9428415}
	EndProjectSection
EndProject
Project("{FAE04EC0-301F-11D3-BF4B-00C04F79EFBC}") = "iJedha.Automation.EAP.Library", "iJedha.Automation.EAP.Library\iJedha.Automation.EAP.Library.csproj", "{B2B25BB4-DBE9-419C-B7EF-989099814D62}"
EndProject
Project("{FAE04EC0-301F-11D3-BF4B-00C04F79EFBC}") = "iJedha.Automation.EAP.Model", "iJedha.Automation.EAP.Model\iJedha.Automation.EAP.Model.csproj", "{1F87006D-CCFD-420D-A4BA-756D784D019E}"
EndProject
Project("{FAE04EC0-301F-11D3-BF4B-00C04F79EFBC}") = "iJedha.Automation.EAP.Rule", "iJedha.Automation.EAP.Rule\iJedha.Automation.EAP.Rule.csproj", "{321A135D-30F3-40BB-8F05-5B4AE2D69922}"
	ProjectSection(ProjectDependencies) = postProject
		{B15DF013-EC95-49FD-818B-EFE2A844383F} = {B15DF013-EC95-49FD-818B-EFE2A844383F}
		{8BEA0A2A-80EF-4512-B7D3-34B259F9E1E3} = {8BEA0A2A-80EF-4512-B7D3-34B259F9E1E3}
		{1F87006D-CCFD-420D-A4BA-756D784D019E} = {1F87006D-CCFD-420D-A4BA-756D784D019E}
		{95FB2778-87D4-4E7D-9E0D-4FC2B13F84D3} = {95FB2778-87D4-4E7D-9E0D-4FC2B13F84D3}
		{981C5EA6-B42F-42F4-9B17-08F882C83436} = {981C5EA6-B42F-42F4-9B17-08F882C83436}
		{B2B25BB4-DBE9-419C-B7EF-989099814D62} = {B2B25BB4-DBE9-419C-B7EF-989099814D62}
		{167A00CD-DD94-434C-85E2-CD96E9428415} = {167A00CD-DD94-434C-85E2-CD96E9428415}
	EndProjectSection
EndProject
Project("{2150E333-8FDC-42A3-9474-1A3956D46DE8}") = "TransationService", "TransationService", "{E8B28EDD-D850-485D-B254-B143006B7202}"
EndProject
Project("{2150E333-8FDC-42A3-9474-1A3956D46DE8}") = "GlobalAssemblyInfo", "GlobalAssemblyInfo", "{CD656BDD-7FEC-4B16-81E7-660EA713E4E7}"
	ProjectSection(SolutionItems) = preProject
		GlobalAssemblyInfo.cs = GlobalAssemblyInfo.cs
	EndProjectSection
EndProject
Project("{2150E333-8FDC-42A3-9474-1A3956D46DE8}") = "Structure", "Structure", "{B37AC867-8E84-459A-ADAD-D14B9A6588DA}"
EndProject
Project("{FAE04EC0-301F-11D3-BF4B-00C04F79EFBC}") = "iJedha.Automation.EAP.EQPService", "iJedha.Automation.EAP.EQPService\iJedha.Automation.EAP.EQPService.csproj", "{95FB2778-87D4-4E7D-9E0D-4FC2B13F84D3}"
	ProjectSection(ProjectDependencies) = postProject
		{B15DF013-EC95-49FD-818B-EFE2A844383F} = {B15DF013-EC95-49FD-818B-EFE2A844383F}
		{8BEA0A2A-80EF-4512-B7D3-34B259F9E1E3} = {8BEA0A2A-80EF-4512-B7D3-34B259F9E1E3}
		{1F87006D-CCFD-420D-A4BA-756D784D019E} = {1F87006D-CCFD-420D-A4BA-756D784D019E}
		{981C5EA6-B42F-42F4-9B17-08F882C83436} = {981C5EA6-B42F-42F4-9B17-08F882C83436}
		{DDC30CB0-6211-41E8-8049-2B1EC7F50995} = {DDC30CB0-6211-41E8-8049-2B1EC7F50995}
		{B2B25BB4-DBE9-419C-B7EF-989099814D62} = {B2B25BB4-DBE9-419C-B7EF-989099814D62}
		{167A00CD-DD94-434C-85E2-CD96E9428415} = {167A00CD-DD94-434C-85E2-CD96E9428415}
	EndProjectSection
EndProject
Project("{FAE04EC0-301F-11D3-BF4B-00C04F79EFBC}") = "iJedha.SocketMessageStructure", "iJedha.SocketMessageStructure\iJedha.SocketMessageStructure.csproj", "{DDC30CB0-6211-41E8-8049-2B1EC7F50995}"
EndProject
Project("{FAE04EC0-301F-11D3-BF4B-00C04F79EFBC}") = "iJedha.Automation.EAP.WebAPI", "iJedha.Automation.MES.WebAPI\iJedha.Automation.EAP.WebAPI.csproj", "{B15DF013-EC95-49FD-818B-EFE2A844383F}"
	ProjectSection(ProjectDependencies) = postProject
		{1F87006D-CCFD-420D-A4BA-756D784D019E} = {1F87006D-CCFD-420D-A4BA-756D784D019E}
		{981C5EA6-B42F-42F4-9B17-08F882C83436} = {981C5EA6-B42F-42F4-9B17-08F882C83436}
		{B2B25BB4-DBE9-419C-B7EF-989099814D62} = {B2B25BB4-DBE9-419C-B7EF-989099814D62}
		{167A00CD-DD94-434C-85E2-CD96E9428415} = {167A00CD-DD94-434C-85E2-CD96E9428415}
	EndProjectSection
EndProject
Project("{FAE04EC0-301F-11D3-BF4B-00C04F79EFBC}") = "iJedha.Automation.EAP.Environment", "iJedha.Automation.Environment\iJedha.Automation.EAP.Environment.csproj", "{167A00CD-DD94-434C-85E2-CD96E9428415}"
	ProjectSection(ProjectDependencies) = postProject
		{8BEA0A2A-80EF-4512-B7D3-34B259F9E1E3} = {8BEA0A2A-80EF-4512-B7D3-34B259F9E1E3}
		{1F87006D-CCFD-420D-A4BA-756D784D019E} = {1F87006D-CCFD-420D-A4BA-756D784D019E}
		{DDC30CB0-6211-41E8-8049-2B1EC7F50995} = {DDC30CB0-6211-41E8-8049-2B1EC7F50995}
		{B2B25BB4-DBE9-419C-B7EF-989099814D62} = {B2B25BB4-DBE9-419C-B7EF-989099814D62}
	EndProjectSection
EndProject
Project("{FAE04EC0-301F-11D3-BF4B-00C04F79EFBC}") = "iJedha.Automation.EAP.HostService", "iJedha.Automation.EAP.HostService\iJedha.Automation.EAP.HostService.csproj", "{981C5EA6-B42F-42F4-9B17-08F882C83436}"
	ProjectSection(ProjectDependencies) = postProject
		{1F87006D-CCFD-420D-A4BA-756D784D019E} = {1F87006D-CCFD-420D-A4BA-756D784D019E}
		{DDC30CB0-6211-41E8-8049-2B1EC7F50995} = {DDC30CB0-6211-41E8-8049-2B1EC7F50995}
		{B2B25BB4-DBE9-419C-B7EF-989099814D62} = {B2B25BB4-DBE9-419C-B7EF-989099814D62}
		{167A00CD-DD94-434C-85E2-CD96E9428415} = {167A00CD-DD94-434C-85E2-CD96E9428415}
	EndProjectSection
EndProject
Project("{FAE04EC0-301F-11D3-BF4B-00C04F79EFBC}") = "iJedha.Automation.AMS.Service", "iJedha.Automation.AMS.Service\iJedha.Automation.AMS.Service.csproj", "{8BEA0A2A-80EF-4512-B7D3-34B259F9E1E3}"
EndProject
Project("{FAE04EC0-301F-11D3-BF4B-00C04F79EFBC}") = "iJedha.Automation.EAP.Serial", "iJedha.Automation.EAP.SerialPort\iJedha.Automation.EAP.Serial.csproj", "{3F2FF3D3-19D1-4A66-81D5-965D930BB1D4}"
EndProject
Global
	GlobalSection(SolutionConfigurationPlatforms) = preSolution
		Debug|Any CPU = Debug|Any CPU
		Debug|x86 = Debug|x86
		Release|Any CPU = Release|Any CPU
		Release|x86 = Release|x86
	EndGlobalSection
	GlobalSection(ProjectConfigurationPlatforms) = postSolution
		{F75EF288-A460-4E5A-B38B-068741C101C2}.Debug|Any CPU.ActiveCfg = Debug|Any CPU
		{F75EF288-A460-4E5A-B38B-068741C101C2}.Debug|Any CPU.Build.0 = Debug|Any CPU
		{F75EF288-A460-4E5A-B38B-068741C101C2}.Debug|x86.ActiveCfg = Debug|Any CPU
		{F75EF288-A460-4E5A-B38B-068741C101C2}.Debug|x86.Build.0 = Debug|Any CPU
		{F75EF288-A460-4E5A-B38B-068741C101C2}.Release|Any CPU.ActiveCfg = Release|Any CPU
		{F75EF288-A460-4E5A-B38B-068741C101C2}.Release|Any CPU.Build.0 = Release|Any CPU
		{F75EF288-A460-4E5A-B38B-068741C101C2}.Release|x86.ActiveCfg = Release|Any CPU
		{F75EF288-A460-4E5A-B38B-068741C101C2}.Release|x86.Build.0 = Release|Any CPU
		{B2B25BB4-DBE9-419C-B7EF-989099814D62}.Debug|Any CPU.ActiveCfg = Debug|Any CPU
		{B2B25BB4-DBE9-419C-B7EF-989099814D62}.Debug|Any CPU.Build.0 = Debug|Any CPU
		{B2B25BB4-DBE9-419C-B7EF-989099814D62}.Debug|x86.ActiveCfg = Debug|Any CPU
		{B2B25BB4-DBE9-419C-B7EF-989099814D62}.Debug|x86.Build.0 = Debug|Any CPU
		{B2B25BB4-DBE9-419C-B7EF-989099814D62}.Release|Any CPU.ActiveCfg = Release|Any CPU
		{B2B25BB4-DBE9-419C-B7EF-989099814D62}.Release|Any CPU.Build.0 = Release|Any CPU
		{B2B25BB4-DBE9-419C-B7EF-989099814D62}.Release|x86.ActiveCfg = Release|Any CPU
		{B2B25BB4-DBE9-419C-B7EF-989099814D62}.Release|x86.Build.0 = Release|Any CPU
		{1F87006D-CCFD-420D-A4BA-756D784D019E}.Debug|Any CPU.ActiveCfg = Debug|Any CPU
		{1F87006D-CCFD-420D-A4BA-756D784D019E}.Debug|Any CPU.Build.0 = Debug|Any CPU
		{1F87006D-CCFD-420D-A4BA-756D784D019E}.Debug|x86.ActiveCfg = Debug|Any CPU
		{1F87006D-CCFD-420D-A4BA-756D784D019E}.Debug|x86.Build.0 = Debug|Any CPU
		{1F87006D-CCFD-420D-A4BA-756D784D019E}.Release|Any CPU.ActiveCfg = Release|Any CPU
		{1F87006D-CCFD-420D-A4BA-756D784D019E}.Release|Any CPU.Build.0 = Release|Any CPU
		{1F87006D-CCFD-420D-A4BA-756D784D019E}.Release|x86.ActiveCfg = Release|Any CPU
		{1F87006D-CCFD-420D-A4BA-756D784D019E}.Release|x86.Build.0 = Release|Any CPU
		{321A135D-30F3-40BB-8F05-5B4AE2D69922}.Debug|Any CPU.ActiveCfg = Debug|Any CPU
		{321A135D-30F3-40BB-8F05-5B4AE2D69922}.Debug|Any CPU.Build.0 = Debug|Any CPU
		{321A135D-30F3-40BB-8F05-5B4AE2D69922}.Debug|x86.ActiveCfg = Debug|Any CPU
		{321A135D-30F3-40BB-8F05-5B4AE2D69922}.Debug|x86.Build.0 = Debug|Any CPU
		{321A135D-30F3-40BB-8F05-5B4AE2D69922}.Release|Any CPU.ActiveCfg = Release|Any CPU
		{321A135D-30F3-40BB-8F05-5B4AE2D69922}.Release|Any CPU.Build.0 = Release|Any CPU
		{321A135D-30F3-40BB-8F05-5B4AE2D69922}.Release|x86.ActiveCfg = Release|Any CPU
		{321A135D-30F3-40BB-8F05-5B4AE2D69922}.Release|x86.Build.0 = Release|Any CPU
		{95FB2778-87D4-4E7D-9E0D-4FC2B13F84D3}.Debug|Any CPU.ActiveCfg = Debug|Any CPU
		{95FB2778-87D4-4E7D-9E0D-4FC2B13F84D3}.Debug|Any CPU.Build.0 = Debug|Any CPU
		{95FB2778-87D4-4E7D-9E0D-4FC2B13F84D3}.Debug|x86.ActiveCfg = Debug|Any CPU
		{95FB2778-87D4-4E7D-9E0D-4FC2B13F84D3}.Debug|x86.Build.0 = Debug|Any CPU
		{95FB2778-87D4-4E7D-9E0D-4FC2B13F84D3}.Release|Any CPU.ActiveCfg = Release|Any CPU
		{95FB2778-87D4-4E7D-9E0D-4FC2B13F84D3}.Release|Any CPU.Build.0 = Release|Any CPU
		{95FB2778-87D4-4E7D-9E0D-4FC2B13F84D3}.Release|x86.ActiveCfg = Release|Any CPU
		{95FB2778-87D4-4E7D-9E0D-4FC2B13F84D3}.Release|x86.Build.0 = Release|Any CPU
		{DDC30CB0-6211-41E8-8049-2B1EC7F50995}.Debug|Any CPU.ActiveCfg = Debug|Any CPU
		{DDC30CB0-6211-41E8-8049-2B1EC7F50995}.Debug|Any CPU.Build.0 = Debug|Any CPU
		{DDC30CB0-6211-41E8-8049-2B1EC7F50995}.Debug|x86.ActiveCfg = Debug|Any CPU
		{DDC30CB0-6211-41E8-8049-2B1EC7F50995}.Debug|x86.Build.0 = Debug|Any CPU
		{DDC30CB0-6211-41E8-8049-2B1EC7F50995}.Release|Any CPU.ActiveCfg = Release|Any CPU
		{DDC30CB0-6211-41E8-8049-2B1EC7F50995}.Release|Any CPU.Build.0 = Release|Any CPU
		{DDC30CB0-6211-41E8-8049-2B1EC7F50995}.Release|x86.ActiveCfg = Release|Any CPU
		{DDC30CB0-6211-41E8-8049-2B1EC7F50995}.Release|x86.Build.0 = Release|Any CPU
		{B15DF013-EC95-49FD-818B-EFE2A844383F}.Debug|Any CPU.ActiveCfg = Debug|Any CPU
		{B15DF013-EC95-49FD-818B-EFE2A844383F}.Debug|Any CPU.Build.0 = Debug|Any CPU
		{B15DF013-EC95-49FD-818B-EFE2A844383F}.Debug|x86.ActiveCfg = Debug|Any CPU
		{B15DF013-EC95-49FD-818B-EFE2A844383F}.Debug|x86.Build.0 = Debug|Any CPU
		{B15DF013-EC95-49FD-818B-EFE2A844383F}.Release|Any CPU.ActiveCfg = Release|Any CPU
		{B15DF013-EC95-49FD-818B-EFE2A844383F}.Release|Any CPU.Build.0 = Release|Any CPU
		{B15DF013-EC95-49FD-818B-EFE2A844383F}.Release|x86.ActiveCfg = Release|Any CPU
		{B15DF013-EC95-49FD-818B-EFE2A844383F}.Release|x86.Build.0 = Release|Any CPU
		{167A00CD-DD94-434C-85E2-CD96E9428415}.Debug|Any CPU.ActiveCfg = Debug|Any CPU
		{167A00CD-DD94-434C-85E2-CD96E9428415}.Debug|Any CPU.Build.0 = Debug|Any CPU
		{167A00CD-DD94-434C-85E2-CD96E9428415}.Debug|x86.ActiveCfg = Debug|Any CPU
		{167A00CD-DD94-434C-85E2-CD96E9428415}.Debug|x86.Build.0 = Debug|Any CPU
		{167A00CD-DD94-434C-85E2-CD96E9428415}.Release|Any CPU.ActiveCfg = Release|Any CPU
		{167A00CD-DD94-434C-85E2-CD96E9428415}.Release|Any CPU.Build.0 = Release|Any CPU
		{167A00CD-DD94-434C-85E2-CD96E9428415}.Release|x86.ActiveCfg = Release|Any CPU
		{167A00CD-DD94-434C-85E2-CD96E9428415}.Release|x86.Build.0 = Release|Any CPU
		{981C5EA6-B42F-42F4-9B17-08F882C83436}.Debug|Any CPU.ActiveCfg = Debug|Any CPU
		{981C5EA6-B42F-42F4-9B17-08F882C83436}.Debug|Any CPU.Build.0 = Debug|Any CPU
		{981C5EA6-B42F-42F4-9B17-08F882C83436}.Debug|x86.ActiveCfg = Debug|Any CPU
		{981C5EA6-B42F-42F4-9B17-08F882C83436}.Debug|x86.Build.0 = Debug|Any CPU
		{981C5EA6-B42F-42F4-9B17-08F882C83436}.Release|Any CPU.ActiveCfg = Release|Any CPU
		{981C5EA6-B42F-42F4-9B17-08F882C83436}.Release|Any CPU.Build.0 = Release|Any CPU
		{981C5EA6-B42F-42F4-9B17-08F882C83436}.Release|x86.ActiveCfg = Release|Any CPU
		{981C5EA6-B42F-42F4-9B17-08F882C83436}.Release|x86.Build.0 = Release|Any CPU
		{8BEA0A2A-80EF-4512-B7D3-34B259F9E1E3}.Debug|Any CPU.ActiveCfg = Debug|Any CPU
		{8BEA0A2A-80EF-4512-B7D3-34B259F9E1E3}.Debug|Any CPU.Build.0 = Debug|Any CPU
		{8BEA0A2A-80EF-4512-B7D3-34B259F9E1E3}.Debug|x86.ActiveCfg = Debug|Any CPU
		{8BEA0A2A-80EF-4512-B7D3-34B259F9E1E3}.Debug|x86.Build.0 = Debug|Any CPU
		{8BEA0A2A-80EF-4512-B7D3-34B259F9E1E3}.Release|Any CPU.ActiveCfg = Release|Any CPU
		{8BEA0A2A-80EF-4512-B7D3-34B259F9E1E3}.Release|Any CPU.Build.0 = Release|Any CPU
		{8BEA0A2A-80EF-4512-B7D3-34B259F9E1E3}.Release|x86.ActiveCfg = Release|Any CPU
		{8BEA0A2A-80EF-4512-B7D3-34B259F9E1E3}.Release|x86.Build.0 = Release|Any CPU
		{3F2FF3D3-19D1-4A66-81D5-965D930BB1D4}.Debug|Any CPU.ActiveCfg = Debug|Any CPU
		{3F2FF3D3-19D1-4A66-81D5-965D930BB1D4}.Debug|Any CPU.Build.0 = Debug|Any CPU
		{3F2FF3D3-19D1-4A66-81D5-965D930BB1D4}.Debug|x86.ActiveCfg = Debug|Any CPU
		{3F2FF3D3-19D1-4A66-81D5-965D930BB1D4}.Debug|x86.Build.0 = Debug|Any CPU
		{3F2FF3D3-19D1-4A66-81D5-965D930BB1D4}.Release|Any CPU.ActiveCfg = Release|Any CPU
		{3F2FF3D3-19D1-4A66-81D5-965D930BB1D4}.Release|Any CPU.Build.0 = Release|Any CPU
		{3F2FF3D3-19D1-4A66-81D5-965D930BB1D4}.Release|x86.ActiveCfg = Release|Any CPU
		{3F2FF3D3-19D1-4A66-81D5-965D930BB1D4}.Release|x86.Build.0 = Release|Any CPU
	EndGlobalSection
	GlobalSection(SolutionProperties) = preSolution
		HideSolutionNode = FALSE
	EndGlobalSection
	GlobalSection(NestedProjects) = preSolution
		{95FB2778-87D4-4E7D-9E0D-4FC2B13F84D3} = {E8B28EDD-D850-485D-B254-B143006B7202}
		{DDC30CB0-6211-41E8-8049-2B1EC7F50995} = {B37AC867-8E84-459A-ADAD-D14B9A6588DA}
		{B15DF013-EC95-49FD-818B-EFE2A844383F} = {E8B28EDD-D850-485D-B254-B143006B7202}
		{981C5EA6-B42F-42F4-9B17-08F882C83436} = {E8B28EDD-D850-485D-B254-B143006B7202}
		{8BEA0A2A-80EF-4512-B7D3-34B259F9E1E3} = {E8B28EDD-D850-485D-B254-B143006B7202}
		{3F2FF3D3-19D1-4A66-81D5-965D930BB1D4} = {B37AC867-8E84-459A-ADAD-D14B9A6588DA}
	EndGlobalSection
	GlobalSection(ExtensibilityGlobals) = postSolution
		SolutionGuid = {7BCD649D-8DB9-41CF-B48F-0E74A79C02B2}
	EndGlobalSection
EndGlobal
